
Microsoft Visual Studio Solution File, Format Version 12.00
# Visual Studio Version 16
VisualStudioVersion = 16.0.31402.337
MinimumVisualStudioVersion = 10.0.40219.1
Project("{FAE04EC0-301F-11D3-BF4B-00C04F79EFBC}") = "GPX Concat", "GPX Concat\GPX Concat.csproj", "{DFA438EA-C1CD-4A36-A62F-F8BB71518F39}"
EndProject
Global
	GlobalSection(SolutionConfigurationPlatforms) = preSolution
		Debug|Any CPU = Debug|Any CPU
		Release|Any CPU = Release|Any CPU
	EndGlobalSection
	GlobalSection(ProjectConfigurationPlatforms) = postSolution
		{DFA438EA-C1CD-4A36-A62F-F8BB71518F39}.Debug|Any CPU.ActiveCfg = Debug|Any CPU
		{DFA438EA-C1CD-4A36-A62F-F8BB71518F39}.Debug|Any CPU.Build.0 = Debug|Any CPU
		{DFA438EA-C1CD-4A36-A62F-F8BB71518F39}.Release|Any CPU.ActiveCfg = Release|Any CPU
		{DFA438EA-C1CD-4A36-A62F-F8BB71518F39}.Release|Any CPU.Build.0 = Release|Any CPU
	EndGlobalSection
	GlobalSection(SolutionProperties) = preSolution
		HideSolutionNode = FALSE
	EndGlobalSection
	GlobalSection(ExtensibilityGlobals) = postSolution
		SolutionGuid = {5B382D94-57A5-4B3F-8CF7-20FD579EBD54}
	EndGlobalSection
EndGlobal
